
Microsoft Visual Studio Solution File, Format Version 12.00
# Visual Studio Version 17
VisualStudioVersion = 17.14.37216.2
MinimumVisualStudioVersion = 10.0.40219.1
Project("{9A19103F-16F7-4668-BE54-9A1E7A4F7556}") = "OnlineShop.Db", "OnlineShop.Db\OnlineShop.Db.csproj", "{777CC2D3-C599-42DC-BB40-D42154A752A1}"
EndProject
Project("{9A19103F-16F7-4668-BE54-9A1E7A4F7556}") = "OnlineShop.Core", "OnlineShop.Core\OnlineShop.Core.csproj", "{69E6BC69-276A-4F55-BAA7-82987F56B91C}"
EndProject
Project("{9A19103F-16F7-4668-BE54-9A1E7A4F7556}") = "OnlineShop.Web", "OnlineShop.Web\OnlineShop.Web.csproj", "{8D67BE1A-E18C-4F91-9FE4-179C5849672B}"
EndProject
Project("{9A19103F-16F7-4668-BE54-9A1E7A4F7556}") = "OnlineShop.Tests", "OnlineShop.Tests\OnlineShop.Tests.csproj", "{A1B2C3D4-E5F6-4789-A012-B345C678D901}"
EndProject
Global
	GlobalSection(SolutionConfigurationPlatforms) = preSolution
		Debug|Any CPU = Debug|Any CPU
		Release|Any CPU = Release|Any CPU
	EndGlobalSection
	GlobalSection(ProjectConfigurationPlatforms) = postSolution
		{777CC2D3-C599-42DC-BB40-D42154A752A1}.Debug|Any CPU.ActiveCfg = Debug|Any CPU
		{777CC2D3-C599-42DC-BB40-D42154A752A1}.Debug|Any CPU.Build.0 = Debug|Any CPU
		{777CC2D3-C599-42DC-BB40-D42154A752A1}.Release|Any CPU.ActiveCfg = Release|Any CPU
		{777CC2D3-C599-42DC-BB40-D42154A752A1}.Release|Any CPU.Build.0 = Release|Any CPU
		{69E6BC69-276A-4F55-BAA7-82987F56B91C}.Debug|Any CPU.ActiveCfg = Debug|Any CPU
		{69E6BC69-276A-4F55-BAA7-82987F56B91C}.Debug|Any CPU.Build.0 = Debug|Any CPU
		{69E6BC69-276A-4F55-BAA7-82987F56B91C}.Release|Any CPU.ActiveCfg = Release|Any CPU
		{69E6BC69-276A-4F55-BAA7-82987F56B91C}.Release|Any CPU.Build.0 = Release|Any CPU
		{8D67BE1A-E18C-4F91-9FE4-179C5849672B}.Debug|Any CPU.ActiveCfg = Debug|Any CPU
		{8D67BE1A-E18C-4F91-9FE4-179C5849672B}.Debug|Any CPU.Build.0 = Debug|Any CPU
		{8D67BE1A-E18C-4F91-9FE4-179C5849672B}.Release|Any CPU.ActiveCfg = Release|Any CPU
		{8D67BE1A-E18C-4F91-9FE4-179C5849672B}.Release|Any CPU.Build.0 = Release|Any CPU
		{A1B2C3D4-E5F6-4789-A012-B345C678D901}.Debug|Any CPU.ActiveCfg = Debug|Any CPU
		{A1B2C3D4-E5F6-4789-A012-B345C678D901}.Debug|Any CPU.Build.0 = Debug|Any CPU
		{A1B2C3D4-E5F6-4789-A012-B345C678D901}.Release|Any CPU.ActiveCfg = Release|Any CPU
		{A1B2C3D4-E5F6-4789-A012-B345C678D901}.Release|Any CPU.Build.0 = Release|Any CPU
	EndGlobalSection
	GlobalSection(SolutionProperties) = preSolution
		HideSolutionNode = FALSE
	EndGlobalSection
	GlobalSection(ExtensibilityGlobals) = postSolution
		SolutionGuid = {E6780EC3-7A57-4E48-AA86-CE404D78C30A}
	EndGlobalSection
EndGlobal
